// !$*UTF8*$!
{
	archiveVersion = 1;
	classes = {
	};
	objectVersion = 50;
	objects = {

/* Begin PBXBuildFile section */
		BFA70D13235B44E2009F4537 /* AppDelegate.swift in Sources */ = {isa = PBXBuildFile; fileRef = BFA70D12235B44E2009F4537 /* AppDelegate.swift */; };
		BFA70D15235B44E2009F4537 /* SceneDelegate.swift in Sources */ = {isa = PBXBuildFile; fileRef = BFA70D14235B44E2009F4537 /* SceneDelegate.swift */; };
		BFA70D17235B44E2009F4537 /* ViewController.swift in Sources */ = {isa = PBXBuildFile; fileRef = BFA70D16235B44E2009F4537 /* ViewController.swift */; };
		BFA70D1A235B44E2009F4537 /* Main.storyboard in Resources */ = {isa = PBXBuildFile; fileRef = BFA70D18235B44E2009F4537 /* Main.storyboard */; };
		BFA70D1C235B44E2009F4537 /* Assets.xcassets in Resources */ = {isa = PBXBuildFile; fileRef = BFA70D1B235B44E2009F4537 /* Assets.xcassets */; };
		BFA70D1F235B44E2009F4537 /* LaunchScreen.storyboard in Resources */ = {isa = PBXBuildFile; fileRef = BFA70D1D235B44E2009F4537 /* LaunchScreen.storyboard */; };
		BFA70D2A235B44E2009F4537 /* Chessboard_iOSTests.swift in Sources */ = {isa = PBXBuildFile; fileRef = BFA70D29235B44E2009F4537 /* Chessboard_iOSTests.swift */; };
		BFA70D35235B44E2009F4537 /* Chessboard_iOSUITests.swift in Sources */ = {isa = PBXBuildFile; fileRef = BFA70D34235B44E2009F4537 /* Chessboard_iOSUITests.swift */; };
/* End PBXBuildFile section */

/* Begin PBXContainerItemProxy section */
		BFA70D26235B44E2009F4537 /* PBXContainerItemProxy */ = {
			isa = PBXContainerItemProxy;
			containerPortal = BFA70D07235B44E2009F4537 /* Project object */;
			proxyType = 1;
			remoteGlobalIDString = BFA70D0E235B44E2009F4537;
			remoteInfo = "Chessboard-iOS";
		};
		BFA70D31235B44E2009F4537 /* PBXContainerItemProxy */ = {
			isa = PBXContainerItemProxy;
			containerPortal = BFA70D07235B44E2009F4537 /* Project object */;
			proxyType = 1;
			remoteGlobalIDString = BFA70D0E235B44E2009F4537;
			remoteInfo = "Chessboard-iOS";
		};
/* End PBXContainerItemProxy section */

/* Begin PBXFileReference section */
		BFA70D0F235B44E2009F4537 /* Chessboard-iOS.app */ = {isa = PBXFileReference; explicitFileType = wrapper.application; includeInIndex = 0; path = "Chessboard-iOS.app"; sourceTree = BUILT_PRODUCTS_DIR; };
		BFA70D12235B44E2009F4537 /* AppDelegate.swift */ = {isa = PBXFileReference; lastKnownFileType = sourcecode.swift; path = AppDelegate.swift; sourceTree = "<group>"; };
		BFA70D14235B44E2009F4537 /* SceneDelegate.swift */ = {isa = PBXFileReference; lastKnownFileType = sourcecode.swift; path = SceneDelegate.swift; sourceTree = "<group>"; };
		BFA70D16235B44E2009F4537 /* ViewController.swift */ = {isa = PBXFileReference; lastKnownFileType = sourcecode.swift; path = ViewController.swift; sourceTree = "<group>"; };
		BFA70D19235B44E2009F4537 /* Base */ = {isa = PBXFileReference; lastKnownFileType = file.storyboard; name = Base; path = Base.lproj/Main.storyboard; sourceTree = "<group>"; };
		BFA70D1B235B44E2009F4537 /* Assets.xcassets */ = {isa = PBXFileReference; lastKnownFileType = folder.assetcatalog; path = Assets.xcassets; sourceTree = "<group>"; };
		BFA70D1E235B44E2009F4537 /* Base */ = {isa = PBXFileReference; lastKnownFileType = file.storyboard; name = Base; path = Base.lproj/LaunchScreen.storyboard; sourceTree = "<group>"; };
		BFA70D20235B44E2009F4537 /* Info.plist */ = {isa = PBXFileReference; lastKnownFileType = text.plist.xml; path = Info.plist; sourceTree = "<group>"; };
		BFA70D25235B44E2009F4537 /* Chessboard-iOSTests.xctest */ = {isa = PBXFileReference; explicitFileType = wrapper.cfbundle; includeInIndex = 0; path = "Chessboard-iOSTests.xctest"; sourceTree = BUILT_PRODUCTS_DIR; };
		BFA70D29235B44E2009F4537 /* Chessboard_iOSTests.swift */ = {isa = PBXFileReference; lastKnownFileType = sourcecode.swift; path = Chessboard_iOSTests.swift; sourceTree = "<group>"; };
		BFA70D2B235B44E2009F4537 /* Info.plist */ = {isa = PBXFileReference; lastKnownFileType = text.plist.xml; path = Info.plist; sourceTree = "<group>"; };
		BFA70D30235B44E2009F4537 /* Chessboard-iOSUITests.xctest */ = {isa = PBXFileReference; explicitFileType = wrapper.cfbundle; includeInIndex = 0; path = "Chessboard-iOSUITests.xctest"; sourceTree = BUILT_PRODUCTS_DIR; };
		BFA70D34235B44E2009F4537 /* Chessboard_iOSUITests.swift */ = {isa = PBXFileReference; lastKnownFileType = sourcecode.swift; path = Chessboard_iOSUITests.swift; sourceTree = "<group>"; };
		BFA70D36235B44E2009F4537 /* Info.plist */ = {isa = PBXFileReference; lastKnownFileType = text.plist.xml; path = Info.plist; sourceTree = "<group>"; };
/* End PBXFileReference section */

/* Begin PBXFrameworksBuildPhase section */
		BFA70D0C235B44E2009F4537 /* Frameworks */ = {
			isa = PBXFrameworksBuildPhase;
			buildActionMask = 2147483647;
			files = (
			);
			runOnlyForDeploymentPostprocessing = 0;
		};
		BFA70D22235B44E2009F4537 /* Frameworks */ = {
			isa = PBXFrameworksBuildPhase;
			buildActionMask = 2147483647;
			files = (
			);
			runOnlyForDeploymentPostprocessing = 0;
		};
		BFA70D2D235B44E2009F4537 /* Frameworks */ = {
			isa = PBXFrameworksBuildPhase;
			buildActionMask = 2147483647;
			files = (
			);
			runOnlyForDeploymentPostprocessing = 0;
		};
/* End PBXFrameworksBuildPhase section */

/* Begin PBXGroup section */
		BFA70D06235B44E2009F4537 = {
			isa = PBXGroup;
			children = (
				BFA70D11235B44E2009F4537 /* Chessboard-iOS */,
				BFA70D28235B44E2009F4537 /* Chessboard-iOSTests */,
				BFA70D33235B44E2009F4537 /* Chessboard-iOSUITests */,
				BFA70D10235B44E2009F4537 /* Products */,
			);
			sourceTree = "<group>";
		};
		BFA70D10235B44E2009F4537 /* Products */ = {
			isa = PBXGroup;
			children = (
				BFA70D0F235B44E2009F4537 /* Chessboard-iOS.app */,
				BFA70D25235B44E2009F4537 /* Chessboard-iOSTests.xctest */,
				BFA70D30235B44E2009F4537 /* Chessboard-iOSUITests.xctest */,
			);
			name = Products;
			sourceTree = "<group>";
		};
		BFA70D11235B44E2009F4537 /* Chessboard-iOS */ = {
			isa = PBXGroup;
			children = (
				BFA70D12235B44E2009F4537 /* AppDelegate.swift */,
				BFA70D14235B44E2009F4537 /* SceneDelegate.swift */,
				BFA70D16235B44E2009F4537 /* ViewController.swift */,
				BFA70D18235B44E2009F4537 /* Main.storyboard */,
				BFA70D1B235B44E2009F4537 /* Assets.xcassets */,
				BFA70D1D235B44E2009F4537 /* LaunchScreen.storyboard */,
				BFA70D20235B44E2009F4537 /* Info.plist */,
			);
			path = "Chessboard-iOS";
			sourceTree = "<group>";
		};
		BFA70D28235B44E2009F4537 /* Chessboard-iOSTests */ = {
			isa = PBXGroup;
			children = (
				BFA70D29235B44E2009F4537 /* Chessboard_iOSTests.swift */,
				BFA70D2B235B44E2009F4537 /* Info.plist */,
			);
			path = "Chessboard-iOSTests";
			sourceTree = "<group>";
		};
		BFA70D33235B44E2009F4537 /* Chessboard-iOSUITests */ = {
			isa = PBXGroup;
			children = (
				BFA70D34235B44E2009F4537 /* Chessboard_iOSUITests.swift */,
				BFA70D36235B44E2009F4537 /* Info.plist */,
			);
			path = "Chessboard-iOSUITests";
			sourceTree = "<group>";
		};
/* End PBXGroup section */

/* Begin PBXNativeTarget section */
		BFA70D0E235B44E2009F4537 /* Chessboard-iOS */ = {
			isa = PBXNativeTarget;
			buildConfigurationList = BFA70D39235B44E2009F4537 /* Build configuration list for PBXNativeTarget "Chessboard-iOS" */;
			buildPhases = (
				BFA70D0B235B44E2009F4537 /* Sources */,
				BFA70D0C235B44E2009F4537 /* Frameworks */,
				BFA70D0D235B44E2009F4537 /* Resources */,
			);
			buildRules = (
			);
			dependencies = (
			);
			name = "Chessboard-iOS";
			productName = "Chessboard-iOS";
			productReference = BFA70D0F235B44E2009F4537 /* Chessboard-iOS.app */;
			productType = "com.apple.product-type.application";
		};
		BFA70D24235B44E2009F4537 /* Chessboard-iOSTests */ = {
			isa = PBXNativeTarget;
			buildConfigurationList = BFA70D3C235B44E2009F4537 /* Build configuration list for PBXNativeTarget "Chessboard-iOSTests" */;
			buildPhases = (
				BFA70D21235B44E2009F4537 /* Sources */,
				BFA70D22235B44E2009F4537 /* Frameworks */,
				BFA70D23235B44E2009F4537 /* Resources */,
			);
			buildRules = (
			);
			dependencies = (
				BFA70D27235B44E2009F4537 /* PBXTargetDependency */,
			);
			name = "Chessboard-iOSTests";
			productName = "Chessboard-iOSTests";
			productReference = BFA70D25235B44E2009F4537 /* Chessboard-iOSTests.xctest */;
			productType = "com.apple.product-type.bundle.unit-test";
		};
		BFA70D2F235B44E2009F4537 /* Chessboard-iOSUITests */ = {
			isa = PBXNativeTarget;
			buildConfigurationList = BFA70D3F235B44E2009F4537 /* Build configuration list for PBXNativeTarget "Chessboard-iOSUITests" */;
			buildPhases = (
				BFA70D2C235B44E2009F4537 /* Sources */,
				BFA70D2D235B44E2009F4537 /* Frameworks */,
				BFA70D2E235B44E2009F4537 /* Resources */,
			);
			buildRules = (
			);
			dependencies = (
				BFA70D32235B44E2009F4537 /* PBXTargetDependency */,
			);
			name = "Chessboard-iOSUITests";
			productName = "Chessboard-iOSUITests";
			productReference = BFA70D30235B44E2009F4537 /* Chessboard-iOSUITests.xctest */;
			productType = "com.apple.product-type.bundle.ui-testing";
		};
/* End PBXNativeTarget section */

/* Begin PBXProject section */
		BFA70D07235B44E2009F4537 /* Project object */ = {
			isa = PBXProject;
			attributes = {
				LastSwiftUpdateCheck = 1110;
				LastUpgradeCheck = 1110;
				ORGANIZATIONNAME = "Dimitris Papaioannou";
				TargetAttributes = {
					BFA70D0E235B44E2009F4537 = {
						CreatedOnToolsVersion = 11.1;
					};
					BFA70D24235B44E2009F4537 = {
						CreatedOnToolsVersion = 11.1;
						TestTargetID = BFA70D0E235B44E2009F4537;
					};
					BFA70D2F235B44E2009F4537 = {
						CreatedOnToolsVersion = 11.1;
						TestTargetID = BFA70D0E235B44E2009F4537;
					};
				};
			};
			buildConfigurationList = BFA70D0A235B44E2009F4537 /* Build configuration list for PBXProject "Chessboard-iOS" */;
			compatibilityVersion = "Xcode 9.3";
			developmentRegion = en;
			hasScannedForEncodings = 0;
			knownRegions = (
				en,
				Base,
			);
			mainGroup = BFA70D06235B44E2009F4537;
			productRefGroup = BFA70D10235B44E2009F4537 /* Products */;
			projectDirPath = "";
			projectRoot = "";
			targets = (
				BFA70D0E235B44E2009F4537 /* Chessboard-iOS */,
				BFA70D24235B44E2009F4537 /* Chessboard-iOSTests */,
				BFA70D2F235B44E2009F4537 /* Chessboard-iOSUITests */,
			);
		};
/* End PBXProject section */

/* Begin PBXResourcesBuildPhase section */
		BFA70D0D235B44E2009F4537 /* Resources */ = {
			isa = PBXResourcesBuildPhase;
			buildActionMask = 2147483647;
			files = (
				BFA70D1F235B44E2009F4537 /* LaunchScreen.storyboard in Resources */,
				BFA70D1C235B44E2009F4537 /* Assets.xcassets in Resources */,
				BFA70D1A235B44E2009F4537 /* Main.storyboard in Resources */,
			);
			runOnlyForDeploymentPostprocessing = 0;
		};
		BFA70D23235B44E2009F4537 /* Resources */ = {
			isa = PBXResourcesBuildPhase;
			buildActionMask = 2147483647;
			files = (
			);
			runOnlyForDeploymentPostprocessing = 0;
		};
		BFA70D2E235B44E2009F4537 /* Resources */ = {
			isa = PBXResourcesBuildPhase;
			buildActionMask = 2147483647;
			files = (
			);
			runOnlyForDeploymentPostprocessing = 0;
		};
/* End PBXResourcesBuildPhase section */

/* Begin PBXSourcesBuildPhase section */
		BFA70D0B235B44E2009F4537 /* Sources */ = {
			isa = PBXSourcesBuildPhase;
			buildActionMask = 2147483647;
			files = (
				BFA70D17235B44E2009F4537 /* ViewController.swift in Sources */,
				BFA70D13235B44E2009F4537 /* AppDelegate.swift in Sources */,
				BFA70D15235B44E2009F4537 /* SceneDelegate.swift in Sources */,
			);
			runOnlyForDeploymentPostprocessing = 0;
		};
		BFA70D21235B44E2009F4537 /* Sources */ = {
			isa = PBXSourcesBuildPhase;
			buildActionMask = 2147483647;
			files = (
				BFA70D2A235B44E2009F4537 /* Chessboard_iOSTests.swift in Sources */,
			);
			runOnlyForDeploymentPostprocessing = 0;
		};
		BFA70D2C235B44E2009F4537 /* Sources */ = {
			isa = PBXSourcesBuildPhase;
			buildActionMask = 2147483647;
			files = (
				BFA70D35235B44E2009F4537 /* Chessboard_iOSUITests.swift in Sources */,
			);
			runOnlyForDeploymentPostprocessing = 0;
		};
/* End PBXSourcesBuildPhase section */

/* Begin PBXTargetDependency section */
		BFA70D27235B44E2009F4537 /* PBXTargetDependency */ = {
			isa = PBXTargetDependency;
			target = BFA70D0E235B44E2009F4537 /* Chessboard-iOS */;
			targetProxy = BFA70D26235B44E2009F4537 /* PBXContainerItemProxy */;
		};
		BFA70D32235B44E2009F4537 /* PBXTargetDependency */ = {
			isa = PBXTargetDependency;
			target = BFA70D0E235B44E2009F4537 /* Chessboard-iOS */;
			targetProxy = BFA70D31235B44E2009F4537 /* PBXContainerItemProxy */;
		};
/* End PBXTargetDependency section */

/* Begin PBXVariantGroup section */
		BFA70D18235B44E2009F4537 /* Main.storyboard */ = {
			isa = PBXVariantGroup;
			children = (
				BFA70D19235B44E2009F4537 /* Base */,
			);
			name = Main.storyboard;
			sourceTree = "<group>";
		};
		BFA70D1D235B44E2009F4537 /* LaunchScreen.storyboard */ = {
			isa = PBXVariantGroup;
			children = (
				BFA70D1E235B44E2009F4537 /* Base */,
			);
			name = LaunchScreen.storyboard;
			sourceTree = "<group>";
		};
/* End PBXVariantGroup section */

/* Begin XCBuildConfiguration section */
		BFA70D37235B44E2009F4537 /* Debug */ = {
			isa = XCBuildConfiguration;
			buildSettings = {
				ALWAYS_SEARCH_USER_PATHS = NO;
				CLANG_ANALYZER_NONNULL = YES;
				CLANG_ANALYZER_NUMBER_OBJECT_CONVERSION = YES_AGGRESSIVE;
				CLANG_CXX_LANGUAGE_STANDARD = "gnu++14";
				CLANG_CXX_LIBRARY = "libc++";
				CLANG_ENABLE_MODULES = YES;
				CLANG_ENABLE_OBJC_ARC = YES;
				CLANG_ENABLE_OBJC_WEAK = YES;
				CLANG_WARN_BLOCK_CAPTURE_AUTORELEASING = YES;
				CLANG_WARN_BOOL_CONVERSION = YES;
				CLANG_WARN_COMMA = YES;
				CLANG_WARN_CONSTANT_CONVERSION = YES;
				CLANG_WARN_DEPRECATED_OBJC_IMPLEMENTATIONS = YES;
				CLANG_WARN_DIRECT_OBJC_ISA_USAGE = YES_ERROR;
				CLANG_WARN_DOCUMENTATION_COMMENTS = YES;
				CLANG_WARN_EMPTY_BODY = YES;
				CLANG_WARN_ENUM_CONVERSION = YES;
				CLANG_WARN_INFINITE_RECURSION = YES;
				CLANG_WARN_INT_CONVERSION = YES;
				CLANG_WARN_NON_LITERAL_NULL_CONVERSION = YES;
				CLANG_WARN_OBJC_IMPLICIT_RETAIN_SELF = YES;
				CLANG_WARN_OBJC_LITERAL_CONVERSION = YES;
				CLANG_WARN_OBJC_ROOT_CLASS = YES_ERROR;
				CLANG_WARN_RANGE_LOOP_ANALYSIS = YES;
				CLANG_WARN_STRICT_PROTOTYPES = YES;
				CLANG_WARN_SUSPICIOUS_MOVE = YES;
				CLANG_WARN_UNGUARDED_AVAILABILITY = YES_AGGRESSIVE;
				CLANG_WARN_UNREACHABLE_CODE = YES;
				CLANG_WARN__DUPLICATE_METHOD_MATCH = YES;
				COPY_PHASE_STRIP = NO;
				DEBUG_INFORMATION_FORMAT = dwarf;
				ENABLE_STRICT_OBJC_MSGSEND = YES;
				ENABLE_TESTABILITY = YES;
				GCC_C_LANGUAGE_STANDARD = gnu11;
				GCC_DYNAMIC_NO_PIC = NO;
				GCC_NO_COMMON_BLOCKS = YES;
				GCC_OPTIMIZATION_LEVEL = 0;
				GCC_PREPROCESSOR_DEFINITIONS = (
					"DEBUG=1",
					"$(inherited)",
				);
				GCC_WARN_64_TO_32_BIT_CONVERSION = YES;
				GCC_WARN_ABOUT_RETURN_TYPE = YES_ERROR;
				GCC_WARN_UNDECLARED_SELECTOR = YES;
				GCC_WARN_UNINITIALIZED_AUTOS = YES_AGGRESSIVE;
				GCC_WARN_UNUSED_FUNCTION = YES;
				GCC_WARN_UNUSED_VARIABLE = YES;
				IPHONEOS_DEPLOYMENT_TARGET = 13.1;
				MTL_ENABLE_DEBUG_INFO = INCLUDE_SOURCE;
				MTL_FAST_MATH = YES;
				ONLY_ACTIVE_ARCH = YES;
				SDKROOT = iphoneos;
				SWIFT_ACTIVE_COMPILATION_CONDITIONS = DEBUG;
				SWIFT_OPTIMIZATION_LEVEL = "-Onone";
			};
			name = Debug;
		};
		BFA70D38235B44E2009F4537 /* Release */ = {
			isa = XCBuildConfiguration;
			buildSettings = {
				ALWAYS_SEARCH_USER_PATHS = NO;
				CLANG_ANALYZER_NONNULL = YES;
				CLANG_ANALYZER_NUMBER_OBJECT_CONVERSION = YES_AGGRESSIVE;
				CLANG_CXX_LANGUAGE_STANDARD = "gnu++14";
				CLANG_CXX_LIBRARY = "libc++";
				CLANG_ENABLE_MODULES = YES;
				CLANG_ENABLE_OBJC_ARC = YES;
				CLANG_ENABLE_OBJC_WEAK = YES;
				CLANG_WARN_BLOCK_CAPTURE_AUTORELEASING = YES;
				CLANG_WARN_BOOL_CONVERSION = YES;
				CLANG_WARN_COMMA = YES;
				CLANG_WARN_CONSTANT_CONVERSION = YES;
				CLANG_WARN_DEPRECATED_OBJC_IMPLEMENTATIONS = YES;
				CLANG_WARN_DIRECT_OBJC_ISA_USAGE = YES_ERROR;
				CLANG_WARN_DOCUMENTATION_COMMENTS = YES;
				CLANG_WARN_EMPTY_BODY = YES;
				CLANG_WARN_ENUM_CONVERSION = YES;
				CLANG_WARN_INFINITE_RECURSION = YES;
				CLANG_WARN_INT_CONVERSION = YES;
				CLANG_WARN_NON_LITERAL_NULL_CONVERSION = YES;
				CLANG_WARN_OBJC_IMPLICIT_RETAIN_SELF = YES;
				CLANG_WARN_OBJC_LITERAL_CONVERSION = YES;
				CLANG_WARN_OBJC_ROOT_CLASS = YES_ERROR;
				CLANG_WARN_RANGE_LOOP_ANALYSIS = YES;
				CLANG_WARN_STRICT_PROTOTYPES = YES;
				CLANG_WARN_SUSPICIOUS_MOVE = YES;
				CLANG_WARN_UNGUARDED_AVAILABILITY = YES_AGGRESSIVE;
				CLANG_WARN_UNREACHABLE_CODE = YES;
				CLANG_WARN__DUPLICATE_METHOD_MATCH = YES;
				COPY_PHASE_STRIP = NO;
				DEBUG_INFORMATION_FORMAT = "dwarf-with-dsym";
				ENABLE_NS_ASSERTIONS = NO;
				ENABLE_STRICT_OBJC_MSGSEND = YES;
				GCC_C_LANGUAGE_STANDARD = gnu11;
				GCC_NO_COMMON_BLOCKS = YES;
				GCC_WARN_64_TO_32_BIT_CONVERSION = YES;
				GCC_WARN_ABOUT_RETURN_TYPE = YES_ERROR;
				GCC_WARN_UNDECLARED_SELECTOR = YES;
				GCC_WARN_UNINITIALIZED_AUTOS = YES_AGGRESSIVE;
				GCC_WARN_UNUSED_FUNCTION = YES;
				GCC_WARN_UNUSED_VARIABLE = YES;
				IPHONEOS_DEPLOYMENT_TARGET = 13.1;
				MTL_ENABLE_DEBUG_INFO = NO;
				MTL_FAST_MATH = YES;
				SDKROOT = iphoneos;
				SWIFT_COMPILATION_MODE = wholemodule;
				SWIFT_OPTIMIZATION_LEVEL = "-O";
				VALIDATE_PRODUCT = YES;
			};
			name = Release;
		};
		BFA70D3A235B44E2009F4537 /* Debug */ = {
			isa = XCBuildConfiguration;
			buildSettings = {
				ASSETCATALOG_COMPILER_APPICON_NAME = AppIcon;
				CODE_SIGN_STYLE = Automatic;
				INFOPLIST_FILE = "Chessboard-iOS/Info.plist";
				LD_RUNPATH_SEARCH_PATHS = (
					"$(inherited)",
					"@executable_path/Frameworks",
				);
				PRODUCT_BUNDLE_IDENTIFIER = "com.dimitris-papa.Chessboard-iOS";
				PRODUCT_NAME = "$(TARGET_NAME)";
				SWIFT_VERSION = 5.0;
				TARGETED_DEVICE_FAMILY = "1,2";
			};
			name = Debug;
		};
		BFA70D3B235B44E2009F4537 /* Release */ = {
			isa = XCBuildConfiguration;
			buildSettings = {
				ASSETCATALOG_COMPILER_APPICON_NAME = AppIcon;
				CODE_SIGN_STYLE = Automatic;
				INFOPLIST_FILE = "Chessboard-iOS/Info.plist";
				LD_RUNPATH_SEARCH_PATHS = (
					"$(inherited)",
					"@executable_path/Frameworks",
				);
				PRODUCT_BUNDLE_IDENTIFIER = "com.dimitris-papa.Chessboard-iOS";
				PRODUCT_NAME = "$(TARGET_NAME)";
				SWIFT_VERSION = 5.0;
				TARGETED_DEVICE_FAMILY = "1,2";
			};
			name = Release;
		};
		BFA70D3D235B44E2009F4537 /* Debug */ = {
			isa = XCBuildConfiguration;
			buildSettings = {
				ALWAYS_EMBED_SWIFT_STANDARD_LIBRARIES = YES;
				BUNDLE_LOADER = "$(TEST_HOST)";
				CODE_SIGN_STYLE = Automatic;
				INFOPLIST_FILE = "Chessboard-iOSTests/Info.plist";
				IPHONEOS_DEPLOYMENT_TARGET = 13.1;
				LD_RUNPATH_SEARCH_PATHS = (
					"$(inherited)",
					"@executable_path/Frameworks",
					"@loader_path/Frameworks",
				);
				PRODUCT_BUNDLE_IDENTIFIER = "com.dimitris-papa.Chessboard-iOSTests";
				PRODUCT_NAME = "$(TARGET_NAME)";
				SWIFT_VERSION = 5.0;
				TARGETED_DEVICE_FAMILY = "1,2";
				TEST_HOST = "$(BUILT_PRODUCTS_DIR)/Chessboard-iOS.app/Chessboard-iOS";
			};
			name = Debug;
		};
		BFA70D3E235B44E2009F4537 /* Release */ = {
			isa = XCBuildConfiguration;
			buildSettings = {
				ALWAYS_EMBED_SWIFT_STANDARD_LIBRARIES = YES;
				BUNDLE_LOADER = "$(TEST_HOST)";
				CODE_SIGN_STYLE = Automatic;
				INFOPLIST_FILE = "Chessboard-iOSTests/Info.plist";
				IPHONEOS_DEPLOYMENT_TARGET = 13.1;
				LD_RUNPATH_SEARCH_PATHS = (
					"$(inherited)",
					"@executable_path/Frameworks",
					"@loader_path/Frameworks",
				);
				PRODUCT_BUNDLE_IDENTIFIER = "com.dimitris-papa.Chessboard-iOSTests";
				PRODUCT_NAME = "$(TARGET_NAME)";
				SWIFT_VERSION = 5.0;
				TARGETED_DEVICE_FAMILY = "1,2";
				TEST_HOST = "$(BUILT_PRODUCTS_DIR)/Chessboard-iOS.app/Chessboard-iOS";
			};
			name = Release;
		};
		BFA70D40235B44E2009F4537 /* Debug */ = {
			isa = XCBuildConfiguration;
			buildSettings = {
				ALWAYS_EMBED_SWIFT_STANDARD_LIBRARIES = YES;
				CODE_SIGN_STYLE = Automatic;
				INFOPLIST_FILE = "Chessboard-iOSUITests/Info.plist";
				LD_RUNPATH_SEARCH_PATHS = (
					"$(inherited)",
					"@executable_path/Frameworks",
					"@loader_path/Frameworks",
				);
				PRODUCT_BUNDLE_IDENTIFIER = "com.dimitris-papa.Chessboard-iOSUITests";
				PRODUCT_NAME = "$(TARGET_NAME)";
				SWIFT_VERSION = 5.0;
				TARGETED_DEVICE_FAMILY = "1,2";
				TEST_TARGET_NAME = "Chessboard-iOS";
			};
			name = Debug;
		};
		BFA70D41235B44E2009F4537 /* Release */ = {
			isa = XCBuildConfiguration;
			buildSettings = {
				ALWAYS_EMBED_SWIFT_STANDARD_LIBRARIES = YES;
				CODE_SIGN_STYLE = Automatic;
				INFOPLIST_FILE = "Chessboard-iOSUITests/Info.plist";
				LD_RUNPATH_SEARCH_PATHS = (
					"$(inherited)",
					"@executable_path/Frameworks",
					"@loader_path/Frameworks",
				);
				PRODUCT_BUNDLE_IDENTIFIER = "com.dimitris-papa.Chessboard-iOSUITests";
				PRODUCT_NAME = "$(TARGET_NAME)";
				SWIFT_VERSION = 5.0;
				TARGETED_DEVICE_FAMILY = "1,2";
				TEST_TARGET_NAME = "Chessboard-iOS";
			};
			name = Release;
		};
/* End XCBuildConfiguration section */

/* Begin XCConfigurationList section */
		BFA70D0A235B44E2009F4537 /* Build configuration list for PBXProject "Chessboard-iOS" */ = {
			isa = XCConfigurationList;
			buildConfigurations = (
				BFA70D37235B44E2009F4537 /* Debug */,
				BFA70D38235B44E2009F4537 /* Release */,
			);
			defaultConfigurationIsVisible = 0;
			defaultConfigurationName = Release;
		};
		BFA70D39235B44E2009F4537 /* Build configuration list for PBXNativeTarget "Chessboard-iOS" */ = {
			isa = XCConfigurationList;
			buildConfigurations = (
				BFA70D3A235B44E2009F4537 /* Debug */,
				BFA70D3B235B44E2009F4537 /* Release */,
			);
			defaultConfigurationIsVisible = 0;
			defaultConfigurationName = Release;
		};
		BFA70D3C235B44E2009F4537 /* Build configuration list for PBXNativeTarget "Chessboard-iOSTests" */ = {
			isa = XCConfigurationList;
			buildConfigurations = (
				BFA70D3D235B44E2009F4537 /* Debug */,
				BFA70D3E235B44E2009F4537 /* Release */,
			);
			defaultConfigurationIsVisible = 0;
			defaultConfigurationName = Release;
		};
		BFA70D3F235B44E2009F4537 /* Build configuration list for PBXNativeTarget "Chessboard-iOSUITests" */ = {
			isa = XCConfigurationList;
			buildConfigurations = (
				BFA70D40235B44E2009F4537 /* Debug */,
				BFA70D41235B44E2009F4537 /* Release */,
			);
			defaultConfigurationIsVisible = 0;
			defaultConfigurationName = Release;
		};
/* End XCConfigurationList section */
	};
	rootObject = BFA70D07235B44E2009F4537 /* Project object */;
}
